
Microsoft Visual Studio Solution File, Format Version 12.00
# Visual Studio Version 17
VisualStudioVersion = 17.4.33213.308
MinimumVisualStudioVersion = 10.0.40219.1
Project("{9A19103F-16F7-4668-BE54-9A1E7A4F7556}") = "ConsoleApp4", "ConsoleApp4\ConsoleApp4.csproj", "{A21B94FA-54B5-4F1A-BB3C-E3A93F025F95}"
EndProject
Project("{FAE04EC0-301F-11D3-BF4B-00C04F79EFBC}") = "CalculatorTest", "CalculatorTest\CalculatorTest.csproj", "{0D137D2A-06F9-4665-ACD1-59E45B2EFA09}"
EndProject
Global
	GlobalSection(SolutionConfigurationPlatforms) = preSolution
		Debug|Any CPU = Debug|Any CPU
		Release|Any CPU = Release|Any CPU
	EndGlobalSection
	GlobalSection(ProjectConfigurationPlatforms) = postSolution
		{A21B94FA-54B5-4F1A-BB3C-E3A93F025F95}.Debug|Any CPU.ActiveCfg = Debug|Any CPU
		{A21B94FA-54B5-4F1A-BB3C-E3A93F025F95}.Debug|Any CPU.Build.0 = Debug|Any CPU
		{A21B94FA-54B5-4F1A-BB3C-E3A93F025F95}.Release|Any CPU.ActiveCfg = Release|Any CPU
		{A21B94FA-54B5-4F1A-BB3C-E3A93F025F95}.Release|Any CPU.Build.0 = Release|Any CPU
		{0D137D2A-06F9-4665-ACD1-59E45B2EFA09}.Debug|Any CPU.ActiveCfg = Debug|Any CPU
		{0D137D2A-06F9-4665-ACD1-59E45B2EFA09}.Debug|Any CPU.Build.0 = Debug|Any CPU
		{0D137D2A-06F9-4665-ACD1-59E45B2EFA09}.Release|Any CPU.ActiveCfg = Release|Any CPU
		{0D137D2A-06F9-4665-ACD1-59E45B2EFA09}.Release|Any CPU.Build.0 = Release|Any CPU
	EndGlobalSection
	GlobalSection(SolutionProperties) = preSolution
		HideSolutionNode = FALSE
	EndGlobalSection
	GlobalSection(ExtensibilityGlobals) = postSolution
		SolutionGuid = {F161BFE1-2510-48C8-BF17-7D06C9143901}
	EndGlobalSection
EndGlobal
